
Microsoft Visual Studio Solution File, Format Version 12.00
# Visual Studio 16
Project("{FAE04EC0-301F-11D3-BF4B-00C04F79EFBC}") = "Assembly-CSharp", "Assembly-CSharp.csproj", "{4CA14CE7-AE05-44CC-B6D2-1A4736C5EFC7}"
EndProject
Project("{FAE04EC0-301F-11D3-BF4B-00C04F79EFBC}") = "Assembly-CSharp-Editor", "Assembly-CSharp-Editor.csproj", "{533DB3B2-60A5-95E2-DB5B-28F72E31E613}"
EndProject
Global
	GlobalSection(SolutionConfigurationPlatforms) = preSolution
		Debug|Any CPU = Debug|Any CPU
		Release|Any CPU = Release|Any CPU
	EndGlobalSection
	GlobalSection(ProjectConfigurationPlatforms) = postSolution
		{4CA14CE7-AE05-44CC-B6D2-1A4736C5EFC7}.Debug|Any CPU.ActiveCfg = Debug|Any CPU
		{4CA14CE7-AE05-44CC-B6D2-1A4736C5EFC7}.Debug|Any CPU.Build.0 = Debug|Any CPU
		{4CA14CE7-AE05-44CC-B6D2-1A4736C5EFC7}.Release|Any CPU.ActiveCfg = Release|Any CPU
		{4CA14CE7-AE05-44CC-B6D2-1A4736C5EFC7}.Release|Any CPU.Build.0 = Release|Any CPU
		{533DB3B2-60A5-95E2-DB5B-28F72E31E613}.Debug|Any CPU.ActiveCfg = Debug|Any CPU
		{533DB3B2-60A5-95E2-DB5B-28F72E31E613}.Debug|Any CPU.Build.0 = Debug|Any CPU
		{533DB3B2-60A5-95E2-DB5B-28F72E31E613}.Release|Any CPU.ActiveCfg = Release|Any CPU
		{533DB3B2-60A5-95E2-DB5B-28F72E31E613}.Release|Any CPU.Build.0 = Release|Any CPU
	EndGlobalSection
	GlobalSection(SolutionProperties) = preSolution
		HideSolutionNode = FALSE
	EndGlobalSection
	GlobalSection(MonoDevelopProperties) = preSolution
		StartupItem = Assembly-CSharp.csproj
	EndGlobalSection
EndGlobal
